
Microsoft Visual Studio Solution File, Format Version 12.00
# Visual Studio Version 17
VisualStudioVersion = 17.10.35027.167
MinimumVisualStudioVersion = 10.0.40219.1
Project("{FAE04EC0-301F-11D3-BF4B-00C04F79EFBC}") = "ITPLibrary.Api.Core", "ITPLibrary.Api.Core\ITPLibrary.Api.Core.csproj", "{2C3514A9-D4B2-4843-A5DD-82597F4CA2CC}"
EndProject
Project("{FAE04EC0-301F-11D3-BF4B-00C04F79EFBC}") = "ITPLibrary.Api.Data", "ITPLibrary.Api.Data\ITPLibrary.Api.Data.csproj", "{4FFAC612-487D-4B78-B0C5-A82FF73E09E0}"
EndProject
Project("{FAE04EC0-301F-11D3-BF4B-00C04F79EFBC}") = "ITPLibrary.Api", "ITPLibrary.Api\ITPLibrary.Api.csproj", "{02FF9A31-910A-4C95-8D9A-9B6CBD73D3EB}"
EndProject
Global
	GlobalSection(SolutionConfigurationPlatforms) = preSolution
		Debug|Any CPU = Debug|Any CPU
		Release|Any CPU = Release|Any CPU
	EndGlobalSection
	GlobalSection(ProjectConfigurationPlatforms) = postSolution
		{2C3514A9-D4B2-4843-A5DD-82597F4CA2CC}.Debug|Any CPU.ActiveCfg = Debug|Any CPU
		{2C3514A9-D4B2-4843-A5DD-82597F4CA2CC}.Debug|Any CPU.Build.0 = Debug|Any CPU
		{2C3514A9-D4B2-4843-A5DD-82597F4CA2CC}.Release|Any CPU.ActiveCfg = Release|Any CPU
		{2C3514A9-D4B2-4843-A5DD-82597F4CA2CC}.Release|Any CPU.Build.0 = Release|Any CPU
		{4FFAC612-487D-4B78-B0C5-A82FF73E09E0}.Debug|Any CPU.ActiveCfg = Debug|Any CPU
		{4FFAC612-487D-4B78-B0C5-A82FF73E09E0}.Debug|Any CPU.Build.0 = Debug|Any CPU
		{4FFAC612-487D-4B78-B0C5-A82FF73E09E0}.Release|Any CPU.ActiveCfg = Release|Any CPU
		{4FFAC612-487D-4B78-B0C5-A82FF73E09E0}.Release|Any CPU.Build.0 = Release|Any CPU
		{02FF9A31-910A-4C95-8D9A-9B6CBD73D3EB}.Debug|Any CPU.ActiveCfg = Debug|Any CPU
		{02FF9A31-910A-4C95-8D9A-9B6CBD73D3EB}.Debug|Any CPU.Build.0 = Debug|Any CPU
		{02FF9A31-910A-4C95-8D9A-9B6CBD73D3EB}.Release|Any CPU.ActiveCfg = Release|Any CPU
		{02FF9A31-910A-4C95-8D9A-9B6CBD73D3EB}.Release|Any CPU.Build.0 = Release|Any CPU
	EndGlobalSection
	GlobalSection(SolutionProperties) = preSolution
		HideSolutionNode = FALSE
	EndGlobalSection
	GlobalSection(ExtensibilityGlobals) = postSolution
		SolutionGuid = {50BEC8EF-3E05-4692-945F-07FFC86AF9CF}
	EndGlobalSection
EndGlobal
